
Microsoft Visual Studio Solution File, Format Version 12.00
# Visual Studio Version 16
VisualStudioVersion = 16.0.31702.278
MinimumVisualStudioVersion = 10.0.40219.1
Project("{8BC9CEB8-8B4A-11D0-8D11-00A0C91BC942}") = "整数反转_test_9_22", "整数反转_test_9_22\整数反转_test_9_22.vcxproj", "{B0213254-8C5F-4C1F-AAD8-CC741CCD9B52}"
EndProject
Global
	GlobalSection(SolutionConfigurationPlatforms) = preSolution
		Debug|x64 = Debug|x64
		Debug|x86 = Debug|x86
		Release|x64 = Release|x64
		Release|x86 = Release|x86
	EndGlobalSection
	GlobalSection(ProjectConfigurationPlatforms) = postSolution
		{B0213254-8C5F-4C1F-AAD8-CC741CCD9B52}.Debug|x64.ActiveCfg = Debug|x64
		{B0213254-8C5F-4C1F-AAD8-CC741CCD9B52}.Debug|x64.Build.0 = Debug|x64
		{B0213254-8C5F-4C1F-AAD8-CC741CCD9B52}.Debug|x86.ActiveCfg = Debug|Win32
		{B0213254-8C5F-4C1F-AAD8-CC741CCD9B52}.Debug|x86.Build.0 = Debug|Win32
		{B0213254-8C5F-4C1F-AAD8-CC741CCD9B52}.Release|x64.ActiveCfg = Release|x64
		{B0213254-8C5F-4C1F-AAD8-CC741CCD9B52}.Release|x64.Build.0 = Release|x64
		{B0213254-8C5F-4C1F-AAD8-CC741CCD9B52}.Release|x86.ActiveCfg = Release|Win32
		{B0213254-8C5F-4C1F-AAD8-CC741CCD9B52}.Release|x86.Build.0 = Release|Win32
	EndGlobalSection
	GlobalSection(SolutionProperties) = preSolution
		HideSolutionNode = FALSE
	EndGlobalSection
	GlobalSection(ExtensibilityGlobals) = postSolution
		SolutionGuid = {512E6B2B-77F9-4395-9499-E2CE6FDDB058}
	EndGlobalSection
EndGlobal
