
Microsoft Visual Studio Solution File, Format Version 12.00
# Visual Studio Version 16
VisualStudioVersion = 16.0.31702.278
MinimumVisualStudioVersion = 10.0.40219.1
Project("{8BC9CEB8-8B4A-11D0-8D11-00A0C91BC942}") = "2.两数相加_test_9_21", "2.两数相加_test_9_21\2.两数相加_test_9_21.vcxproj", "{108D843B-2D42-4DBF-9C39-58711AE2EC1C}"
EndProject
Global
	GlobalSection(SolutionConfigurationPlatforms) = preSolution
		Debug|x64 = Debug|x64
		Debug|x86 = Debug|x86
		Release|x64 = Release|x64
		Release|x86 = Release|x86
	EndGlobalSection
	GlobalSection(ProjectConfigurationPlatforms) = postSolution
		{108D843B-2D42-4DBF-9C39-58711AE2EC1C}.Debug|x64.ActiveCfg = Debug|x64
		{108D843B-2D42-4DBF-9C39-58711AE2EC1C}.Debug|x64.Build.0 = Debug|x64
		{108D843B-2D42-4DBF-9C39-58711AE2EC1C}.Debug|x86.ActiveCfg = Debug|Win32
		{108D843B-2D42-4DBF-9C39-58711AE2EC1C}.Debug|x86.Build.0 = Debug|Win32
		{108D843B-2D42-4DBF-9C39-58711AE2EC1C}.Release|x64.ActiveCfg = Release|x64
		{108D843B-2D42-4DBF-9C39-58711AE2EC1C}.Release|x64.Build.0 = Release|x64
		{108D843B-2D42-4DBF-9C39-58711AE2EC1C}.Release|x86.ActiveCfg = Release|Win32
		{108D843B-2D42-4DBF-9C39-58711AE2EC1C}.Release|x86.Build.0 = Release|Win32
	EndGlobalSection
	GlobalSection(SolutionProperties) = preSolution
		HideSolutionNode = FALSE
	EndGlobalSection
	GlobalSection(ExtensibilityGlobals) = postSolution
		SolutionGuid = {C0CB385D-60F0-453F-9530-E7B992626B94}
	EndGlobalSection
EndGlobal
