
Microsoft Visual Studio Solution File, Format Version 12.00
# Visual Studio Version 16
VisualStudioVersion = 16.0.31129.286
MinimumVisualStudioVersion = 10.0.40219.1
Project("{8BC9CEB8-8B4A-11D0-8D11-00A0C91BC942}") = "test_6_2", "test_6_2\test_6_2.vcxproj", "{A0EF5D4F-B76A-4EA7-B1D9-D9F94F64538E}"
EndProject
Global
	GlobalSection(SolutionConfigurationPlatforms) = preSolution
		Debug|x64 = Debug|x64
		Debug|x86 = Debug|x86
		Release|x64 = Release|x64
		Release|x86 = Release|x86
	EndGlobalSection
	GlobalSection(ProjectConfigurationPlatforms) = postSolution
		{A0EF5D4F-B76A-4EA7-B1D9-D9F94F64538E}.Debug|x64.ActiveCfg = Debug|x64
		{A0EF5D4F-B76A-4EA7-B1D9-D9F94F64538E}.Debug|x64.Build.0 = Debug|x64
		{A0EF5D4F-B76A-4EA7-B1D9-D9F94F64538E}.Debug|x86.ActiveCfg = Debug|Win32
		{A0EF5D4F-B76A-4EA7-B1D9-D9F94F64538E}.Debug|x86.Build.0 = Debug|Win32
		{A0EF5D4F-B76A-4EA7-B1D9-D9F94F64538E}.Release|x64.ActiveCfg = Release|x64
		{A0EF5D4F-B76A-4EA7-B1D9-D9F94F64538E}.Release|x64.Build.0 = Release|x64
		{A0EF5D4F-B76A-4EA7-B1D9-D9F94F64538E}.Release|x86.ActiveCfg = Release|Win32
		{A0EF5D4F-B76A-4EA7-B1D9-D9F94F64538E}.Release|x86.Build.0 = Release|Win32
	EndGlobalSection
	GlobalSection(SolutionProperties) = preSolution
		HideSolutionNode = FALSE
	EndGlobalSection
	GlobalSection(ExtensibilityGlobals) = postSolution
		SolutionGuid = {A6FB98CC-8595-412D-B519-E4DE40A3345C}
	EndGlobalSection
EndGlobal
