
Microsoft Visual Studio Solution File, Format Version 12.00
# Visual Studio Version 16
VisualStudioVersion = 16.0.31129.286
MinimumVisualStudioVersion = 10.0.40219.1
Project("{8BC9CEB8-8B4A-11D0-8D11-00A0C91BC942}") = "test_7_16", "test_7_16\test_7_16.vcxproj", "{FDDFEE80-0965-45C7-82BE-C179C8935727}"
EndProject
Global
	GlobalSection(SolutionConfigurationPlatforms) = preSolution
		Debug|x64 = Debug|x64
		Debug|x86 = Debug|x86
		Release|x64 = Release|x64
		Release|x86 = Release|x86
	EndGlobalSection
	GlobalSection(ProjectConfigurationPlatforms) = postSolution
		{FDDFEE80-0965-45C7-82BE-C179C8935727}.Debug|x64.ActiveCfg = Debug|x64
		{FDDFEE80-0965-45C7-82BE-C179C8935727}.Debug|x64.Build.0 = Debug|x64
		{FDDFEE80-0965-45C7-82BE-C179C8935727}.Debug|x86.ActiveCfg = Debug|Win32
		{FDDFEE80-0965-45C7-82BE-C179C8935727}.Debug|x86.Build.0 = Debug|Win32
		{FDDFEE80-0965-45C7-82BE-C179C8935727}.Release|x64.ActiveCfg = Release|x64
		{FDDFEE80-0965-45C7-82BE-C179C8935727}.Release|x64.Build.0 = Release|x64
		{FDDFEE80-0965-45C7-82BE-C179C8935727}.Release|x86.ActiveCfg = Release|Win32
		{FDDFEE80-0965-45C7-82BE-C179C8935727}.Release|x86.Build.0 = Release|Win32
	EndGlobalSection
	GlobalSection(SolutionProperties) = preSolution
		HideSolutionNode = FALSE
	EndGlobalSection
	GlobalSection(ExtensibilityGlobals) = postSolution
		SolutionGuid = {0E21063F-035C-4A5C-A9C5-CAD2E86845F0}
	EndGlobalSection
EndGlobal
